
Microsoft Visual Studio Solution File, Format Version 12.00
# Visual Studio Version 16
VisualStudioVersion = 16.0.30413.136
MinimumVisualStudioVersion = 10.0.40219.1
Project("{FAE04EC0-301F-11D3-BF4B-00C04F79EFBC}") = "TempConverter", "TempConverter.csproj", "{8B960162-6DBA-4AF9-8CD1-6E9ED3F3C974}"
EndProject
Global
	GlobalSection(SolutionConfigurationPlatforms) = preSolution
		Debug|Any CPU = Debug|Any CPU
		Release|Any CPU = Release|Any CPU
	EndGlobalSection
	GlobalSection(ProjectConfigurationPlatforms) = postSolution
		{8B960162-6DBA-4AF9-8CD1-6E9ED3F3C974}.Debug|Any CPU.ActiveCfg = Debug|Any CPU
		{8B960162-6DBA-4AF9-8CD1-6E9ED3F3C974}.Debug|Any CPU.Build.0 = Debug|Any CPU
		{8B960162-6DBA-4AF9-8CD1-6E9ED3F3C974}.Release|Any CPU.ActiveCfg = Release|Any CPU
		{8B960162-6DBA-4AF9-8CD1-6E9ED3F3C974}.Release|Any CPU.Build.0 = Release|Any CPU
	EndGlobalSection
	GlobalSection(SolutionProperties) = preSolution
		HideSolutionNode = FALSE
	EndGlobalSection
	GlobalSection(ExtensibilityGlobals) = postSolution
		SolutionGuid = {D3AF2ACB-B7AC-4121-83A4-83EC93B21CB6}
	EndGlobalSection
EndGlobal
